schema: '2.0'
stages:
  data_ingestion:
    cmd: python src/data_ingestion.py
    deps:
    - path: src/data_ingestion.py
      hash: md5
      md5: 5264fe39f325edc9adb774338c8e8b24
      size: 3867
    params:
      params.yaml:
        data_ingestion.test_size: 0.2
    outs:
    - path: data/raw
      hash: md5
      md5: 9f06325ff1c9cb3ffa593407e6c637c3.dir
      size: 484846
      nfiles: 2
  data_preprocessing:
    cmd: python src/data_preprocessing.py
    deps:
    - path: data/raw
      hash: md5
      md5: 9f06325ff1c9cb3ffa593407e6c637c3.dir
      size: 484846
      nfiles: 2
    - path: src/data_preprocessing.py
      hash: md5
      md5: 5ce233c0388342f712a6479f069edfac
      size: 4280
    outs:
    - path: data/interim
      hash: md5
      md5: 63c515e35dd9b4c712f8f6cb31484a56.dir
      size: 261205
      nfiles: 2
  feature_engineering:
    cmd: python src/feature_engineering.py
    deps:
    - path: data/interim
      hash: md5
      md5: 63c515e35dd9b4c712f8f6cb31484a56.dir
      size: 261205
      nfiles: 2
    - path: src/feature_engineering.py
      hash: md5
      md5: 54633dd3001f12f4909db9a8d372e77f
      size: 3914
    params:
      params.yaml:
        feature_engineering.max_features: 35
    outs:
    - path: data/processed
      hash: md5
      md5: 89209b8d4d09a52f5a6a6f899f7c259e.dir
      size: 838653
      nfiles: 2
  model_building:
    cmd: python src/model_building.py
    deps:
    - path: data/processed
      hash: md5
      md5: 89209b8d4d09a52f5a6a6f899f7c259e.dir
      size: 838653
      nfiles: 2
    - path: src/model_building.py
      hash: md5
      md5: eb3f1bbd1465478767fd1971e013f05b
      size: 4483
    params:
      params.yaml:
        model_building.n_estimators: 22
        model_building.random_state: 2
    outs:
    - path: models/model.pkl
      hash: md5
      md5: 3bb77efd4d93354cea5e1e639285c8e7
      size: 716316
  model_evaluation:
    cmd: python src/model_evaluation.py
    deps:
    - path: models/model.pkl
      hash: md5
      md5: 3bb77efd4d93354cea5e1e639285c8e7
      size: 716316
    - path: src/model_evaluation.py
      hash: md5
      md5: 549edec9ee6992735d8fd06b7b5d8069
      size: 4506
    outs:
    - path: reports/metrics.json
      hash: md5
      md5: 242bddf5d3ee2e02794d15bcfa4bf56a
      size: 149
