schema: '2.0'
stages:
  data_ingestion:
    cmd: python src/data_ingestion.py
    deps:
    - path: src/data_ingestion.py
      hash: md5
      md5: 4362639bd3af224a2641037f1f6305d8
      size: 3170
    outs:
    - path: data/raw
      hash: md5
      md5: 9f06325ff1c9cb3ffa593407e6c637c3.dir
      size: 484846
      nfiles: 2
  data_preprocessing:
    cmd: python src/data_preprocessing.py
    deps:
    - path: data/raw
      hash: md5
      md5: 9f06325ff1c9cb3ffa593407e6c637c3.dir
      size: 484846
      nfiles: 2
    - path: src/data_preprocessing.py
      hash: md5
      md5: 5ce233c0388342f712a6479f069edfac
      size: 4280
    outs:
    - path: data/interim
      hash: md5
      md5: 63c515e35dd9b4c712f8f6cb31484a56.dir
      size: 261205
      nfiles: 2
  feature_engineering:
    cmd: python src/feature_engineering.py
    deps:
    - path: data/interim
      hash: md5
      md5: 63c515e35dd9b4c712f8f6cb31484a56.dir
      size: 261205
      nfiles: 2
    - path: src/feature_engineering.py
      hash: md5
      md5: 33effd66c65c50c95513394034c9c523
      size: 3946
    outs:
    - path: data/processed
      hash: md5
      md5: b4b4738b2003fc3146bc97216d6e07f7.dir
      size: 1184474
      nfiles: 2
  model_building:
    cmd: python src/model_building.py
    deps:
    - path: data/processed
      hash: md5
      md5: b4b4738b2003fc3146bc97216d6e07f7.dir
      size: 1184474
      nfiles: 2
    - path: src/model_building.py
      hash: md5
      md5: de46ec1a14c6abb1ff3f0b2dc1412048
      size: 4515
    outs:
    - path: models/model.pkl
      hash: md5
      md5: 380b136781eea28dd5ef2c478dde8857
      size: 980055
  model_evaluation:
    cmd: python src/model_evaluation.py
    deps:
    - path: models/model.pkl
      hash: md5
      md5: 380b136781eea28dd5ef2c478dde8857
      size: 980055
    - path: src/model_evaluation.py
      hash: md5
      md5: 8f5c18d34afd62e7ebfc2f7aba30ec79
      size: 3483
    outs:
    - path: reports/metrics.json
      hash: md5
      md5: e68e372a889abb8632e2df289e458b6a
      size: 149
