schema: '2.0'
stages:
  data_ingestion:
    cmd: python src/data_ingestion.py
    deps:
    - path: src/data_ingestion.py
      hash: md5
      md5: 5264fe39f325edc9adb774338c8e8b24
      size: 3867
    params:
      params.yaml:
        data_ingestion.test_size: 0.15
    outs:
    - path: data/raw
      hash: md5
      md5: fcb88d100c5bdc35850e38e0500d4bf3.dir
      size: 484846
      nfiles: 2
  data_preprocessing:
    cmd: python src/data_preprocessing.py
    deps:
    - path: data/raw
      hash: md5
      md5: fcb88d100c5bdc35850e38e0500d4bf3.dir
      size: 484846
      nfiles: 2
    - path: src/data_preprocessing.py
      hash: md5
      md5: 5ce233c0388342f712a6479f069edfac
      size: 4280
    outs:
    - path: data/interim
      hash: md5
      md5: cc4648a2b0114186a595a7b8ac818b7c.dir
      size: 259378
      nfiles: 2
  feature_engineering:
    cmd: python src/feature_engineering.py
    deps:
    - path: data/interim
      hash: md5
      md5: cc4648a2b0114186a595a7b8ac818b7c.dir
      size: 259378
      nfiles: 2
    - path: src/feature_engineering.py
      hash: md5
      md5: 54633dd3001f12f4909db9a8d372e77f
      size: 3914
    params:
      params.yaml:
        feature_engineering.max_features: 45
    outs:
    - path: data/processed
      hash: md5
      md5: 54b987a46fe81015a4c4318a4007d36f.dir
      size: 1064223
      nfiles: 2
  model_building:
    cmd: python src/model_building.py
    deps:
    - path: data/processed
      hash: md5
      md5: 54b987a46fe81015a4c4318a4007d36f.dir
      size: 1064223
      nfiles: 2
    - path: src/model_building.py
      hash: md5
      md5: eb3f1bbd1465478767fd1971e013f05b
      size: 4483
    params:
      params.yaml:
        model_building.n_estimators: 20
        model_building.random_state: 2
    outs:
    - path: models/model.pkl
      hash: md5
      md5: 52595a6016ad6f5d3528d0e35f6d3633
      size: 767382
  model_evaluation:
    cmd: python src/model_evaluation.py
    deps:
    - path: models/model.pkl
      hash: md5
      md5: 52595a6016ad6f5d3528d0e35f6d3633
      size: 767382
    - path: src/model_evaluation.py
      hash: md5
      md5: 8f5c18d34afd62e7ebfc2f7aba30ec79
      size: 3483
    outs:
    - path: reports/metrics.json
      hash: md5
      md5: bc4e109f95a24ddb4aac86b41e237f0b
      size: 148
